# THIS IS AN AUTOGENERATED FILE. DO NOT EDIT THIS FILE DIRECTLY.
# yarn lockfile v1


"@babel/parser@^7.16.4":
  version "7.21.3"
  resolved "https://registry.npmjs.org/@babel/parser/-/parser-7.21.3.tgz"

"@esbuild/android-arm64@0.17.11":
  version "0.17.11"
  resolved "https://registry.yarnpkg.com/@esbuild/android-arm64/-/android-arm64-0.17.11.tgz#52c3e6cabc19c5e4c1c0c01cb58f0442338e1c14"

"@esbuild/android-arm@0.17.11":
  version "0.17.11"
  resolved "https://registry.yarnpkg.com/@esbuild/android-arm/-/android-arm-0.17.11.tgz#f3fc768235aecbeb840d0049fdf13cd28592105f"

"@esbuild/android-x64@0.17.11":
  version "0.17.11"
  resolved "https://registry.yarnpkg.com/@esbuild/android-x64/-/android-x64-0.17.11.tgz#443ed47771a7e917e4282469ba350d117473550c"

"@esbuild/darwin-arm64@0.17.11":
  version "0.17.11"
  resolved "https://registry.yarnpkg.com/@esbuild/darwin-arm64/-/darwin-arm64-0.17.11.tgz#0e8c78d94d5759a48521dbfd83189d2ed3499a16"

"@esbuild/darwin-x64@0.17.11":
  version "0.17.11"
  resolved "https://registry.yarnpkg.com/@esbuild/darwin-x64/-/darwin-x64-0.17.11.tgz#2405cfdf70eb961c7cf973463ca7263dc2004c88"

"@esbuild/freebsd-arm64@0.17.11":
  version "0.17.11"
  resolved "https://registry.yarnpkg.com/@esbuild/freebsd-arm64/-/freebsd-arm64-0.17.11.tgz#d5138e873e15f87bd4564c024dfa00ef37e623fd"

"@esbuild/freebsd-x64@0.17.11":
  version "0.17.11"
  resolved "https://registry.yarnpkg.com/@esbuild/freebsd-x64/-/freebsd-x64-0.17.11.tgz#e850b58b8fabf8e9ef0e125af3c25229ad2d6c38"

"@esbuild/linux-arm64@0.17.11":
  version "0.17.11"
  resolved "https://registry.yarnpkg.com/@esbuild/linux-arm64/-/linux-arm64-0.17.11.tgz#2bfb93d0809ec2357c12ebb27736b750c9ae0aa5"

"@esbuild/linux-arm@0.17.11":
  version "0.17.11"
  resolved "https://registry.yarnpkg.com/@esbuild/linux-arm/-/linux-arm-0.17.11.tgz#e56fb3b76828317a704f4a167c5bd790fe5314e7"

"@esbuild/linux-ia32@0.17.11":
  version "0.17.11"
  resolved "https://registry.yarnpkg.com/@esbuild/linux-ia32/-/linux-ia32-0.17.11.tgz#59fa1c49b271793d14eb5effc757e8c0d0cb2cab"

"@esbuild/linux-loong64@0.17.11":
  version "0.17.11"
  resolved "https://registry.yarnpkg.com/@esbuild/linux-loong64/-/linux-loong64-0.17.11.tgz#89575bc189099c03a36daa54f3f481780c7fd502"

"@esbuild/linux-mips64el@0.17.11":
  version "0.17.11"
  resolved "https://registry.yarnpkg.com/@esbuild/linux-mips64el/-/linux-mips64el-0.17.11.tgz#0e18ca039dc7e4645efd8edc1b10952933eb6b1b"

"@esbuild/linux-ppc64@0.17.11":
  version "0.17.11"
  resolved "https://registry.yarnpkg.com/@esbuild/linux-ppc64/-/linux-ppc64-0.17.11.tgz#2d152cb3a253afb8c100a165ad132dc96f36cb11"

"@esbuild/linux-riscv64@0.17.11":
  version "0.17.11"
  resolved "https://registry.yarnpkg.com/@esbuild/linux-riscv64/-/linux-riscv64-0.17.11.tgz#c6ac494a81221d53d65b33e665c7df1747952d3c"

"@esbuild/linux-s390x@0.17.11":
  version "0.17.11"
  resolved "https://registry.yarnpkg.com/@esbuild/linux-s390x/-/linux-s390x-0.17.11.tgz#4bad33894bc7415cea4be8fa90fe456226a424ad"

"@esbuild/linux-x64@0.17.11":
  version "0.17.11"
  resolved "https://registry.npmjs.org/@esbuild/linux-x64/-/linux-x64-0.17.11.tgz"

"@esbuild/netbsd-x64@0.17.11":
  version "0.17.11"
  resolved "https://registry.yarnpkg.com/@esbuild/netbsd-x64/-/netbsd-x64-0.17.11.tgz#b589239fe7d9b16ee03c5e191f3f5b640f1518a1"

"@esbuild/openbsd-x64@0.17.11":
  version "0.17.11"
  resolved "https://registry.yarnpkg.com/@esbuild/openbsd-x64/-/openbsd-x64-0.17.11.tgz#b355019754116bef39ec688f8fd2fe6471b9779b"

"@esbuild/sunos-x64@0.17.11":
  version "0.17.11"
  resolved "https://registry.yarnpkg.com/@esbuild/sunos-x64/-/sunos-x64-0.17.11.tgz#2ea47fb592e68406e5025a7696dc714fc6a115dc"

"@esbuild/win32-arm64@0.17.11":
  version "0.17.11"
  resolved "https://registry.yarnpkg.com/@esbuild/win32-arm64/-/win32-arm64-0.17.11.tgz#47e6fdab17c4c52e6e0d606dd9cb843b29826325"

"@esbuild/win32-ia32@0.17.11":
  version "0.17.11"
  resolved "https://registry.yarnpkg.com/@esbuild/win32-ia32/-/win32-ia32-0.17.11.tgz#a97273aa3164c8d8f501899f55cc75a4a79599a3"

"@esbuild/win32-x64@0.17.11":
  version "0.17.11"
  resolved "https://registry.yarnpkg.com/@esbuild/win32-x64/-/win32-x64-0.17.11.tgz#9be796d93ae27b636da32d960899a4912bca27a1"

"@eslint-community/eslint-utils@^4.2.0":
  version "4.2.0"
  resolved "https://registry.npmjs.org/@eslint-community/eslint-utils/-/eslint-utils-4.2.0.tgz"
  dependencies:
    eslint-visitor-keys "^3.3.0"

"@eslint-community/eslint-utils@^4.3.0":
  version "4.4.0"
  resolved "https://registry.yarnpkg.com/@eslint-community/eslint-utils/-/eslint-utils-4.4.0.tgz#a23514e8fb9af1269d5f7788aa556798d61c6b59"
  dependencies:
    eslint-visitor-keys "^3.3.0"

"@eslint-community/regexpp@^4.4.0":
  version "4.4.0"
  resolved "https://registry.npmjs.org/@eslint-community/regexpp/-/regexpp-4.4.0.tgz"

"@eslint/eslintrc@^2.0.1":
  version "2.0.1"
  resolved "https://registry.npmjs.org/@eslint/eslintrc/-/eslintrc-2.0.1.tgz"
  dependencies:
    ajv "^6.12.4"
    debug "^4.3.2"
    espree "^9.5.0"
    globals "^13.19.0"
    ignore "^5.2.0"
    import-fresh "^3.2.1"
    js-yaml "^4.1.0"
    minimatch "^3.1.2"
    strip-json-comments "^3.1.1"

"@eslint/js@8.36.0":
  version "8.36.0"
  resolved "https://registry.npmjs.org/@eslint/js/-/js-8.36.0.tgz"

"@humanwhocodes/config-array@^0.11.8":
  version "0.11.8"
  resolved "https://registry.npmjs.org/@humanwhocodes/config-array/-/config-array-0.11.8.tgz"
  dependencies:
    "@humanwhocodes/object-schema" "^1.2.1"
    debug "^4.1.1"
    minimatch "^3.0.5"

"@humanwhocodes/module-importer@^1.0.1":
  version "1.0.1"
  resolved "https://registry.npmjs.org/@humanwhocodes/module-importer/-/module-importer-1.0.1.tgz"

"@humanwhocodes/object-schema@^1.2.1":
  version "1.2.1"
  resolved "https://registry.npmjs.org/@humanwhocodes/object-schema/-/object-schema-1.2.1.tgz"

"@nodelib/fs.scandir@2.1.5":
  version "2.1.5"
  resolved "https://registry.npmjs.org/@nodelib/fs.scandir/-/fs.scandir-2.1.5.tgz"
  dependencies:
    "@nodelib/fs.stat" "2.0.5"
    run-parallel "^1.1.9"

"@nodelib/fs.stat@2.0.5":
  version "2.0.5"
  resolved "https://registry.npmjs.org/@nodelib/fs.stat/-/fs.stat-2.0.5.tgz"

"@nodelib/fs.walk@^1.2.8":
  version "1.2.8"
  resolved "https://registry.npmjs.org/@nodelib/fs.walk/-/fs.walk-1.2.8.tgz"
  dependencies:
    "@nodelib/fs.scandir" "2.1.5"
    fastq "^1.6.0"

"@unhead/dom@1.1.23":
  version "1.1.23"
  resolved "https://registry.npmjs.org/@unhead/dom/-/dom-1.1.23.tgz"
  dependencies:
    "@unhead/schema" "1.1.23"
    "@unhead/shared" "1.1.23"

"@unhead/schema@1.1.23":
  version "1.1.23"
  resolved "https://registry.npmjs.org/@unhead/schema/-/schema-1.1.23.tgz"
  dependencies:
    hookable "^5.4.2"
    zhead "^2.0.4"

"@unhead/shared@1.1.23":
  version "1.1.23"
  resolved "https://registry.npmjs.org/@unhead/shared/-/shared-1.1.23.tgz"
  dependencies:
    "@unhead/schema" "1.1.23"

"@unhead/vue@^1.1.23":
  version "1.1.23"
  resolved "https://registry.npmjs.org/@unhead/vue/-/vue-1.1.23.tgz"
  dependencies:
    "@unhead/schema" "1.1.23"
    "@unhead/shared" "1.1.23"
    hookable "^5.4.2"
    unhead "1.1.23"

"@vitejs/plugin-vue@^4.1.0":
  version "4.1.0"
  resolved "https://registry.npmjs.org/@vitejs/plugin-vue/-/plugin-vue-4.1.0.tgz"

"@vue/compiler-core@3.2.47":
  version "3.2.47"
  resolved "https://registry.npmjs.org/@vue/compiler-core/-/compiler-core-3.2.47.tgz"
  dependencies:
    "@babel/parser" "^7.16.4"
    "@vue/shared" "3.2.47"
    estree-walker "^2.0.2"
    source-map "^0.6.1"

"@vue/compiler-dom@3.2.47":
  version "3.2.47"
  resolved "https://registry.npmjs.org/@vue/compiler-dom/-/compiler-dom-3.2.47.tgz"
  dependencies:
    "@vue/compiler-core" "3.2.47"
    "@vue/shared" "3.2.47"

"@vue/compiler-sfc@3.2.47":
  version "3.2.47"
  resolved "https://registry.npmjs.org/@vue/compiler-sfc/-/compiler-sfc-3.2.47.tgz"
  dependencies:
    "@babel/parser" "^7.16.4"
    "@vue/compiler-core" "3.2.47"
    "@vue/compiler-dom" "3.2.47"
    "@vue/compiler-ssr" "3.2.47"
    "@vue/reactivity-transform" "3.2.47"
    "@vue/shared" "3.2.47"
    estree-walker "^2.0.2"
    magic-string "^0.25.7"
    postcss "^8.1.10"
    source-map "^0.6.1"

"@vue/compiler-ssr@3.2.47":
  version "3.2.47"
  resolved "https://registry.npmjs.org/@vue/compiler-ssr/-/compiler-ssr-3.2.47.tgz"
  dependencies:
    "@vue/compiler-dom" "3.2.47"
    "@vue/shared" "3.2.47"

"@vue/devtools-api@^6.4.5":
  version "6.5.0"
  resolved "https://registry.npmjs.org/@vue/devtools-api/-/devtools-api-6.5.0.tgz"

"@vue/eslint-config-prettier@^7.1.0":
  version "7.1.0"
  resolved "https://registry.npmjs.org/@vue/eslint-config-prettier/-/eslint-config-prettier-7.1.0.tgz"
  dependencies:
    eslint-config-prettier "^8.3.0"
    eslint-plugin-prettier "^4.0.0"

"@vue/reactivity-transform@3.2.47":
  version "3.2.47"
  resolved "https://registry.npmjs.org/@vue/reactivity-transform/-/reactivity-transform-3.2.47.tgz"
  dependencies:
    "@babel/parser" "^7.16.4"
    "@vue/compiler-core" "3.2.47"
    "@vue/shared" "3.2.47"
    estree-walker "^2.0.2"
    magic-string "^0.25.7"

"@vue/reactivity@3.2.47":
  version "3.2.47"
  resolved "https://registry.npmjs.org/@vue/reactivity/-/reactivity-3.2.47.tgz"
  dependencies:
    "@vue/shared" "3.2.47"

"@vue/runtime-core@3.2.47":
  version "3.2.47"
  resolved "https://registry.npmjs.org/@vue/runtime-core/-/runtime-core-3.2.47.tgz"
  dependencies:
    "@vue/reactivity" "3.2.47"
    "@vue/shared" "3.2.47"

"@vue/runtime-dom@3.2.47":
  version "3.2.47"
  resolved "https://registry.npmjs.org/@vue/runtime-dom/-/runtime-dom-3.2.47.tgz"
  dependencies:
    "@vue/runtime-core" "3.2.47"
    "@vue/shared" "3.2.47"
    csstype "^2.6.8"

"@vue/server-renderer@3.2.47":
  version "3.2.47"
  resolved "https://registry.npmjs.org/@vue/server-renderer/-/server-renderer-3.2.47.tgz"
  dependencies:
    "@vue/compiler-ssr" "3.2.47"
    "@vue/shared" "3.2.47"

"@vue/shared@3.2.47":
  version "3.2.47"
  resolved "https://registry.npmjs.org/@vue/shared/-/shared-3.2.47.tgz"

acorn-jsx@^5.3.2:
  version "5.3.2"
  resolved "https://registry.npmjs.org/acorn-jsx/-/acorn-jsx-5.3.2.tgz"

acorn@^8.8.0:
  version "8.8.2"
  resolved "https://registry.npmjs.org/acorn/-/acorn-8.8.2.tgz"

ajv@^6.10.0, ajv@^6.12.4:
  version "6.12.6"
  resolved "https://registry.npmjs.org/ajv/-/ajv-6.12.6.tgz"
  dependencies:
    fast-deep-equal "^3.1.1"
    fast-json-stable-stringify "^2.0.0"
    json-schema-traverse "^0.4.1"
    uri-js "^4.2.2"

ansi-regex@^5.0.1:
  version "5.0.1"
  resolved "https://registry.npmjs.org/ansi-regex/-/ansi-regex-5.0.1.tgz"

ansi-styles@^4.1.0:
  version "4.3.0"
  resolved "https://registry.npmjs.org/ansi-styles/-/ansi-styles-4.3.0.tgz"
  dependencies:
    color-convert "^2.0.1"

anymatch@~3.1.2:
  version "3.1.3"
  resolved "https://registry.npmjs.org/anymatch/-/anymatch-3.1.3.tgz"
  dependencies:
    normalize-path "^3.0.0"
    picomatch "^2.0.4"

argparse@^2.0.1:
  version "2.0.1"
  resolved "https://registry.npmjs.org/argparse/-/argparse-2.0.1.tgz"

balanced-match@^1.0.0:
  version "1.0.2"
  resolved "https://registry.npmjs.org/balanced-match/-/balanced-match-1.0.2.tgz"

binary-extensions@^2.0.0:
  version "2.2.0"
  resolved "https://registry.npmjs.org/binary-extensions/-/binary-extensions-2.2.0.tgz"

boolbase@^1.0.0:
  version "1.0.0"
  resolved "https://registry.npmjs.org/boolbase/-/boolbase-1.0.0.tgz"

brace-expansion@^1.1.7:
  version "1.1.11"
  resolved "https://registry.npmjs.org/brace-expansion/-/brace-expansion-1.1.11.tgz"
  dependencies:
    balanced-match "^1.0.0"
    concat-map "0.0.1"

braces@~3.0.2:
  version "3.0.2"
  resolved "https://registry.npmjs.org/braces/-/braces-3.0.2.tgz"
  dependencies:
    fill-range "^7.0.1"

callsites@^3.0.0:
  version "3.1.0"
  resolved "https://registry.npmjs.org/callsites/-/callsites-3.1.0.tgz"

chalk@^4.0.0:
  version "4.1.2"
  resolved "https://registry.npmjs.org/chalk/-/chalk-4.1.2.tgz"
  dependencies:
    ansi-styles "^4.1.0"
    supports-color "^7.1.0"

"chokidar@>=3.0.0 <4.0.0":
  version "3.5.3"
  resolved "https://registry.npmjs.org/chokidar/-/chokidar-3.5.3.tgz"
  dependencies:
    anymatch "~3.1.2"
    braces "~3.0.2"
    glob-parent "~5.1.2"
    is-binary-path "~2.1.0"
    is-glob "~4.0.1"
    normalize-path "~3.0.0"
    readdirp "~3.6.0"
  optionalDependencies:
    fsevents "~2.3.2"

color-convert@^2.0.1:
  version "2.0.1"
  resolved "https://registry.npmjs.org/color-convert/-/color-convert-2.0.1.tgz"
  dependencies:
    color-name "~1.1.4"

color-name@~1.1.4:
  version "1.1.4"
  resolved "https://registry.npmjs.org/color-name/-/color-name-1.1.4.tgz"

concat-map@0.0.1:
  version "0.0.1"
  resolved "https://registry.npmjs.org/concat-map/-/concat-map-0.0.1.tgz"

cross-spawn@^7.0.2:
  version "7.0.3"
  resolved "https://registry.npmjs.org/cross-spawn/-/cross-spawn-7.0.3.tgz"
  dependencies:
    path-key "^3.1.0"
    shebang-command "^2.0.0"
    which "^2.0.1"

cssesc@^3.0.0:
  version "3.0.0"
  resolved "https://registry.npmjs.org/cssesc/-/cssesc-3.0.0.tgz"

csstype@^2.6.8:
  version "2.6.21"
  resolved "https://registry.npmjs.org/csstype/-/csstype-2.6.21.tgz"

debug@^4.1.1, debug@^4.3.2, debug@^4.3.4:
  version "4.3.4"
  resolved "https://registry.npmjs.org/debug/-/debug-4.3.4.tgz"
  dependencies:
    ms "2.1.2"

deep-is@^0.1.3:
  version "0.1.4"
  resolved "https://registry.npmjs.org/deep-is/-/deep-is-0.1.4.tgz"

doctrine@^3.0.0:
  version "3.0.0"
  resolved "https://registry.npmjs.org/doctrine/-/doctrine-3.0.0.tgz"
  dependencies:
    esutils "^2.0.2"

esbuild@^0.17.5:
  version "0.17.11"
  resolved "https://registry.npmjs.org/esbuild/-/esbuild-0.17.11.tgz"
  optionalDependencies:
    "@esbuild/android-arm" "0.17.11"
    "@esbuild/android-arm64" "0.17.11"
    "@esbuild/android-x64" "0.17.11"
    "@esbuild/darwin-arm64" "0.17.11"
    "@esbuild/darwin-x64" "0.17.11"
    "@esbuild/freebsd-arm64" "0.17.11"
    "@esbuild/freebsd-x64" "0.17.11"
    "@esbuild/linux-arm" "0.17.11"
    "@esbuild/linux-arm64" "0.17.11"
    "@esbuild/linux-ia32" "0.17.11"
    "@esbuild/linux-loong64" "0.17.11"
    "@esbuild/linux-mips64el" "0.17.11"
    "@esbuild/linux-ppc64" "0.17.11"
    "@esbuild/linux-riscv64" "0.17.11"
    "@esbuild/linux-s390x" "0.17.11"
    "@esbuild/linux-x64" "0.17.11"
    "@esbuild/netbsd-x64" "0.17.11"
    "@esbuild/openbsd-x64" "0.17.11"
    "@esbuild/sunos-x64" "0.17.11"
    "@esbuild/win32-arm64" "0.17.11"
    "@esbuild/win32-ia32" "0.17.11"
    "@esbuild/win32-x64" "0.17.11"

escape-string-regexp@^4.0.0:
  version "4.0.0"
  resolved "https://registry.npmjs.org/escape-string-regexp/-/escape-string-regexp-4.0.0.tgz"

eslint-config-prettier@^8.3.0:
  version "8.7.0"
  resolved "https://registry.npmjs.org/eslint-config-prettier/-/eslint-config-prettier-8.7.0.tgz"

eslint-plugin-prettier@^4.0.0:
  version "4.2.1"
  resolved "https://registry.npmjs.org/eslint-plugin-prettier/-/eslint-plugin-prettier-4.2.1.tgz"
  dependencies:
    prettier-linter-helpers "^1.0.0"

eslint-plugin-vue@^9.10.0:
  version "9.10.0"
  resolved "https://registry.yarnpkg.com/eslint-plugin-vue/-/eslint-plugin-vue-9.10.0.tgz#bb6423166e6eab800344245b6eef6ce9480c78a7"
  dependencies:
    "@eslint-community/eslint-utils" "^4.3.0"
    natural-compare "^1.4.0"
    nth-check "^2.0.1"
    postcss-selector-parser "^6.0.9"
    semver "^7.3.5"
    vue-eslint-parser "^9.0.1"
    xml-name-validator "^4.0.0"

eslint-scope@^7.1.1:
  version "7.1.1"
  resolved "https://registry.npmjs.org/eslint-scope/-/eslint-scope-7.1.1.tgz"
  dependencies:
    esrecurse "^4.3.0"
    estraverse "^5.2.0"

eslint-visitor-keys@^3.3.0:
  version "3.3.0"
  resolved "https://registry.npmjs.org/eslint-visitor-keys/-/eslint-visitor-keys-3.3.0.tgz"

eslint@^8.36.0:
  version "8.36.0"
  resolved "https://registry.npmjs.org/eslint/-/eslint-8.36.0.tgz"
  dependencies:
    "@eslint-community/eslint-utils" "^4.2.0"
    "@eslint-community/regexpp" "^4.4.0"
    "@eslint/eslintrc" "^2.0.1"
    "@eslint/js" "8.36.0"
    "@humanwhocodes/config-array" "^0.11.8"
    "@humanwhocodes/module-importer" "^1.0.1"
    "@nodelib/fs.walk" "^1.2.8"
    ajv "^6.10.0"
    chalk "^4.0.0"
    cross-spawn "^7.0.2"
    debug "^4.3.2"
    doctrine "^3.0.0"
    escape-string-regexp "^4.0.0"
    eslint-scope "^7.1.1"
    eslint-visitor-keys "^3.3.0"
    espree "^9.5.0"
    esquery "^1.4.2"
    esutils "^2.0.2"
    fast-deep-equal "^3.1.3"
    file-entry-cache "^6.0.1"
    find-up "^5.0.0"
    glob-parent "^6.0.2"
    globals "^13.19.0"
    grapheme-splitter "^1.0.4"
    ignore "^5.2.0"
    import-fresh "^3.0.0"
    imurmurhash "^0.1.4"
    is-glob "^4.0.0"
    is-path-inside "^3.0.3"
    js-sdsl "^4.1.4"
    js-yaml "^4.1.0"
    json-stable-stringify-without-jsonify "^1.0.1"
    levn "^0.4.1"
    lodash.merge "^4.6.2"
    minimatch "^3.1.2"
    natural-compare "^1.4.0"
    optionator "^0.9.1"
    strip-ansi "^6.0.1"
    strip-json-comments "^3.1.0"
    text-table "^0.2.0"

espree@^9.3.1, espree@^9.5.0:
  version "9.5.0"
  resolved "https://registry.npmjs.org/espree/-/espree-9.5.0.tgz"
  dependencies:
    acorn "^8.8.0"
    acorn-jsx "^5.3.2"
    eslint-visitor-keys "^3.3.0"

esquery@^1.4.0, esquery@^1.4.2:
  version "1.5.0"
  resolved "https://registry.npmjs.org/esquery/-/esquery-1.5.0.tgz"
  dependencies:
    estraverse "^5.1.0"

esrecurse@^4.3.0:
  version "4.3.0"
  resolved "https://registry.npmjs.org/esrecurse/-/esrecurse-4.3.0.tgz"
  dependencies:
    estraverse "^5.2.0"

estraverse@^5.1.0, estraverse@^5.2.0:
  version "5.3.0"
  resolved "https://registry.npmjs.org/estraverse/-/estraverse-5.3.0.tgz"

estree-walker@^2.0.2:
  version "2.0.2"
  resolved "https://registry.npmjs.org/estree-walker/-/estree-walker-2.0.2.tgz"

esutils@^2.0.2:
  version "2.0.3"
  resolved "https://registry.npmjs.org/esutils/-/esutils-2.0.3.tgz"

fast-deep-equal@^3.1.1, fast-deep-equal@^3.1.3:
  version "3.1.3"
  resolved "https://registry.npmjs.org/fast-deep-equal/-/fast-deep-equal-3.1.3.tgz"

fast-diff@^1.1.2:
  version "1.2.0"
  resolved "https://registry.npmjs.org/fast-diff/-/fast-diff-1.2.0.tgz"

fast-json-stable-stringify@^2.0.0:
  version "2.1.0"
  resolved "https://registry.npmjs.org/fast-json-stable-stringify/-/fast-json-stable-stringify-2.1.0.tgz"

fast-levenshtein@^2.0.6:
  version "2.0.6"
  resolved "https://registry.npmjs.org/fast-levenshtein/-/fast-levenshtein-2.0.6.tgz"

fastq@^1.6.0:
  version "1.15.0"
  resolved "https://registry.npmjs.org/fastq/-/fastq-1.15.0.tgz"
  dependencies:
    reusify "^1.0.4"

file-entry-cache@^6.0.1:
  version "6.0.1"
  resolved "https://registry.npmjs.org/file-entry-cache/-/file-entry-cache-6.0.1.tgz"
  dependencies:
    flat-cache "^3.0.4"

fill-range@^7.0.1:
  version "7.0.1"
  resolved "https://registry.npmjs.org/fill-range/-/fill-range-7.0.1.tgz"
  dependencies:
    to-regex-range "^5.0.1"

find-up@^5.0.0:
  version "5.0.0"
  resolved "https://registry.npmjs.org/find-up/-/find-up-5.0.0.tgz"
  dependencies:
    locate-path "^6.0.0"
    path-exists "^4.0.0"

flat-cache@^3.0.4:
  version "3.0.4"
  resolved "https://registry.npmjs.org/flat-cache/-/flat-cache-3.0.4.tgz"
  dependencies:
    flatted "^3.1.0"
    rimraf "^3.0.2"

flatted@^3.1.0:
  version "3.2.7"
  resolved "https://registry.npmjs.org/flatted/-/flatted-3.2.7.tgz"

fs.realpath@^1.0.0:
  version "1.0.0"
  resolved "https://registry.npmjs.org/fs.realpath/-/fs.realpath-1.0.0.tgz"

fsevents@~2.3.2:
  version "2.3.2"
  resolved "https://registry.yarnpkg.com/fsevents/-/fsevents-2.3.2.tgz#8a526f78b8fdf4623b709e0b975c52c24c02fd1a"

function-bind@^1.1.1:
  version "1.1.1"
  resolved "https://registry.npmjs.org/function-bind/-/function-bind-1.1.1.tgz"

glob-parent@^6.0.2:
  version "6.0.2"
  resolved "https://registry.npmjs.org/glob-parent/-/glob-parent-6.0.2.tgz"
  dependencies:
    is-glob "^4.0.3"

glob-parent@~5.1.2:
  version "5.1.2"
  resolved "https://registry.npmjs.org/glob-parent/-/glob-parent-5.1.2.tgz"
  dependencies:
    is-glob "^4.0.1"

glob@^7.1.3:
  version "7.2.3"
  resolved "https://registry.npmjs.org/glob/-/glob-7.2.3.tgz"
  dependencies:
    fs.realpath "^1.0.0"
    inflight "^1.0.4"
    inherits "2"
    minimatch "^3.1.1"
    once "^1.3.0"
    path-is-absolute "^1.0.0"

globals@^13.19.0:
  version "13.20.0"
  resolved "https://registry.npmjs.org/globals/-/globals-13.20.0.tgz"
  dependencies:
    type-fest "^0.20.2"

grapheme-splitter@^1.0.4:
  version "1.0.4"
  resolved "https://registry.npmjs.org/grapheme-splitter/-/grapheme-splitter-1.0.4.tgz"

has-flag@^4.0.0:
  version "4.0.0"
  resolved "https://registry.npmjs.org/has-flag/-/has-flag-4.0.0.tgz"

has@^1.0.3:
  version "1.0.3"
  resolved "https://registry.npmjs.org/has/-/has-1.0.3.tgz"
  dependencies:
    function-bind "^1.1.1"

hookable@^5.4.2:
  version "5.5.1"
  resolved "https://registry.npmjs.org/hookable/-/hookable-5.5.1.tgz"

ignore@^5.2.0:
  version "5.2.4"
  resolved "https://registry.npmjs.org/ignore/-/ignore-5.2.4.tgz"

immutable@^4.0.0:
  version "4.3.0"
  resolved "https://registry.npmjs.org/immutable/-/immutable-4.3.0.tgz"

import-fresh@^3.0.0, import-fresh@^3.2.1:
  version "3.3.0"
  resolved "https://registry.npmjs.org/import-fresh/-/import-fresh-3.3.0.tgz"
  dependencies:
    parent-module "^1.0.0"
    resolve-from "^4.0.0"

imurmurhash@^0.1.4:
  version "0.1.4"
  resolved "https://registry.npmjs.org/imurmurhash/-/imurmurhash-0.1.4.tgz"

inflight@^1.0.4:
  version "1.0.6"
  resolved "https://registry.npmjs.org/inflight/-/inflight-1.0.6.tgz"
  dependencies:
    once "^1.3.0"
    wrappy "1"

inherits@2:
  version "2.0.4"
  resolved "https://registry.npmjs.org/inherits/-/inherits-2.0.4.tgz"

is-binary-path@~2.1.0:
  version "2.1.0"
  resolved "https://registry.npmjs.org/is-binary-path/-/is-binary-path-2.1.0.tgz"
  dependencies:
    binary-extensions "^2.0.0"

is-core-module@^2.9.0:
  version "2.11.0"
  resolved "https://registry.npmjs.org/is-core-module/-/is-core-module-2.11.0.tgz"
  dependencies:
    has "^1.0.3"

is-extglob@^2.1.1:
  version "2.1.1"
  resolved "https://registry.npmjs.org/is-extglob/-/is-extglob-2.1.1.tgz"

is-glob@^4.0.0, is-glob@^4.0.1, is-glob@^4.0.3, is-glob@~4.0.1:
  version "4.0.3"
  resolved "https://registry.npmjs.org/is-glob/-/is-glob-4.0.3.tgz"
  dependencies:
    is-extglob "^2.1.1"

is-number@^7.0.0:
  version "7.0.0"
  resolved "https://registry.npmjs.org/is-number/-/is-number-7.0.0.tgz"

is-path-inside@^3.0.3:
  version "3.0.3"
  resolved "https://registry.npmjs.org/is-path-inside/-/is-path-inside-3.0.3.tgz"

isexe@^2.0.0:
  version "2.0.0"
  resolved "https://registry.npmjs.org/isexe/-/isexe-2.0.0.tgz"

js-sdsl@^4.1.4:
  version "4.3.0"
  resolved "https://registry.npmjs.org/js-sdsl/-/js-sdsl-4.3.0.tgz"

js-yaml@^4.1.0:
  version "4.1.0"
  resolved "https://registry.npmjs.org/js-yaml/-/js-yaml-4.1.0.tgz"
  dependencies:
    argparse "^2.0.1"

json-schema-traverse@^0.4.1:
  version "0.4.1"
  resolved "https://registry.npmjs.org/json-schema-traverse/-/json-schema-traverse-0.4.1.tgz"

json-stable-stringify-without-jsonify@^1.0.1:
  version "1.0.1"
  resolved "https://registry.npmjs.org/json-stable-stringify-without-jsonify/-/json-stable-stringify-without-jsonify-1.0.1.tgz"

levn@^0.4.1:
  version "0.4.1"
  resolved "https://registry.npmjs.org/levn/-/levn-0.4.1.tgz"
  dependencies:
    prelude-ls "^1.2.1"
    type-check "~0.4.0"

locate-path@^6.0.0:
  version "6.0.0"
  resolved "https://registry.npmjs.org/locate-path/-/locate-path-6.0.0.tgz"
  dependencies:
    p-locate "^5.0.0"

lodash.merge@^4.6.2:
  version "4.6.2"
  resolved "https://registry.npmjs.org/lodash.merge/-/lodash.merge-4.6.2.tgz"

lodash@^4.17.21:
  version "4.17.21"
  resolved "https://registry.npmjs.org/lodash/-/lodash-4.17.21.tgz"

lru-cache@^6.0.0:
  version "6.0.0"
  resolved "https://registry.npmjs.org/lru-cache/-/lru-cache-6.0.0.tgz"
  dependencies:
    yallist "^4.0.0"

lucide-vue-next@^0.104.0:
  version "0.104.0"
  resolved "https://registry.npmjs.org/lucide-vue-next/-/lucide-vue-next-0.104.0.tgz"

magic-string@^0.25.7:
  version "0.25.9"
  resolved "https://registry.npmjs.org/magic-string/-/magic-string-0.25.9.tgz"
  dependencies:
    sourcemap-codec "^1.4.8"

minimatch@^3.0.5, minimatch@^3.1.1, minimatch@^3.1.2:
  version "3.1.2"
  resolved "https://registry.npmjs.org/minimatch/-/minimatch-3.1.2.tgz"
  dependencies:
    brace-expansion "^1.1.7"

ms@2.1.2:
  version "2.1.2"
  resolved "https://registry.npmjs.org/ms/-/ms-2.1.2.tgz"

nanoid@^3.3.4:
  version "3.3.4"
  resolved "https://registry.npmjs.org/nanoid/-/nanoid-3.3.4.tgz"

natural-compare@^1.4.0:
  version "1.4.0"
  resolved "https://registry.npmjs.org/natural-compare/-/natural-compare-1.4.0.tgz"

normalize-path@^3.0.0, normalize-path@~3.0.0:
  version "3.0.0"
  resolved "https://registry.npmjs.org/normalize-path/-/normalize-path-3.0.0.tgz"

nth-check@^2.0.1:
  version "2.1.1"
  resolved "https://registry.npmjs.org/nth-check/-/nth-check-2.1.1.tgz"
  dependencies:
    boolbase "^1.0.0"

once@^1.3.0:
  version "1.4.0"
  resolved "https://registry.npmjs.org/once/-/once-1.4.0.tgz"
  dependencies:
    wrappy "1"

optionator@^0.9.1:
  version "0.9.1"
  resolved "https://registry.npmjs.org/optionator/-/optionator-0.9.1.tgz"
  dependencies:
    deep-is "^0.1.3"
    fast-levenshtein "^2.0.6"
    levn "^0.4.1"
    prelude-ls "^1.2.1"
    type-check "^0.4.0"
    word-wrap "^1.2.3"

p-limit@^3.0.2:
  version "3.1.0"
  resolved "https://registry.npmjs.org/p-limit/-/p-limit-3.1.0.tgz"
  dependencies:
    yocto-queue "^0.1.0"

p-locate@^5.0.0:
  version "5.0.0"
  resolved "https://registry.npmjs.org/p-locate/-/p-locate-5.0.0.tgz"
  dependencies:
    p-limit "^3.0.2"

parent-module@^1.0.0:
  version "1.0.1"
  resolved "https://registry.npmjs.org/parent-module/-/parent-module-1.0.1.tgz"
  dependencies:
    callsites "^3.0.0"

path-exists@^4.0.0:
  version "4.0.0"
  resolved "https://registry.npmjs.org/path-exists/-/path-exists-4.0.0.tgz"

path-is-absolute@^1.0.0:
  version "1.0.1"
  resolved "https://registry.npmjs.org/path-is-absolute/-/path-is-absolute-1.0.1.tgz"

path-key@^3.1.0:
  version "3.1.1"
  resolved "https://registry.npmjs.org/path-key/-/path-key-3.1.1.tgz"

path-parse@^1.0.7:
  version "1.0.7"
  resolved "https://registry.npmjs.org/path-parse/-/path-parse-1.0.7.tgz"

picocolors@^1.0.0:
  version "1.0.0"
  resolved "https://registry.npmjs.org/picocolors/-/picocolors-1.0.0.tgz"

picomatch@^2.0.4, picomatch@^2.2.1:
  version "2.3.1"
  resolved "https://registry.npmjs.org/picomatch/-/picomatch-2.3.1.tgz"

postcss-selector-parser@^6.0.9:
  version "6.0.11"
  resolved "https://registry.npmjs.org/postcss-selector-parser/-/postcss-selector-parser-6.0.11.tgz"
  dependencies:
    cssesc "^3.0.0"
    util-deprecate "^1.0.2"

postcss@^8.1.10, postcss@^8.4.21:
  version "8.4.21"
  resolved "https://registry.npmjs.org/postcss/-/postcss-8.4.21.tgz"
  dependencies:
    nanoid "^3.3.4"
    picocolors "^1.0.0"
    source-map-js "^1.0.2"

prelude-ls@^1.2.1:
  version "1.2.1"
  resolved "https://registry.npmjs.org/prelude-ls/-/prelude-ls-1.2.1.tgz"

prettier-linter-helpers@^1.0.0:
  version "1.0.0"
  resolved "https://registry.npmjs.org/prettier-linter-helpers/-/prettier-linter-helpers-1.0.0.tgz"
  dependencies:
    fast-diff "^1.1.2"

prettier@^2.8.6:
  version "2.8.6"
  resolved "https://registry.yarnpkg.com/prettier/-/prettier-2.8.6.tgz#5c174b29befd507f14b83e3c19f83fdc0e974b71"

punycode@^2.1.0:
  version "2.3.0"
  resolved "https://registry.npmjs.org/punycode/-/punycode-2.3.0.tgz"

queue-microtask@^1.2.2:
  version "1.2.3"
  resolved "https://registry.npmjs.org/queue-microtask/-/queue-microtask-1.2.3.tgz"

readdirp@~3.6.0:
  version "3.6.0"
  resolved "https://registry.npmjs.org/readdirp/-/readdirp-3.6.0.tgz"
  dependencies:
    picomatch "^2.2.1"

resolve-from@^4.0.0:
  version "4.0.0"
  resolved "https://registry.npmjs.org/resolve-from/-/resolve-from-4.0.0.tgz"

resolve@^1.22.1:
  version "1.22.1"
  resolved "https://registry.npmjs.org/resolve/-/resolve-1.22.1.tgz"
  dependencies:
    is-core-module "^2.9.0"
    path-parse "^1.0.7"
    supports-preserve-symlinks-flag "^1.0.0"

reusify@^1.0.4:
  version "1.0.4"
  resolved "https://registry.npmjs.org/reusify/-/reusify-1.0.4.tgz"

rimraf@^3.0.2:
  version "3.0.2"
  resolved "https://registry.npmjs.org/rimraf/-/rimraf-3.0.2.tgz"
  dependencies:
    glob "^7.1.3"

rollup@^3.18.0:
  version "3.19.1"
  resolved "https://registry.npmjs.org/rollup/-/rollup-3.19.1.tgz"
  optionalDependencies:
    fsevents "~2.3.2"

run-parallel@^1.1.9:
  version "1.2.0"
  resolved "https://registry.npmjs.org/run-parallel/-/run-parallel-1.2.0.tgz"
  dependencies:
    queue-microtask "^1.2.2"

sass@^1.60.0:
  version "1.60.0"
  resolved "https://registry.yarnpkg.com/sass/-/sass-1.60.0.tgz#657f0c23a302ac494b09a5ba8497b739fb5b5a81"
  dependencies:
    chokidar ">=3.0.0 <4.0.0"
    immutable "^4.0.0"
    source-map-js ">=0.6.2 <2.0.0"

semver@^7.3.5, semver@^7.3.6:
  version "7.3.8"
  resolved "https://registry.npmjs.org/semver/-/semver-7.3.8.tgz"
  dependencies:
    lru-cache "^6.0.0"

shebang-command@^2.0.0:
  version "2.0.0"
  resolved "https://registry.npmjs.org/shebang-command/-/shebang-command-2.0.0.tgz"
  dependencies:
    shebang-regex "^3.0.0"

shebang-regex@^3.0.0:
  version "3.0.0"
  resolved "https://registry.npmjs.org/shebang-regex/-/shebang-regex-3.0.0.tgz"

"source-map-js@>=0.6.2 <2.0.0", source-map-js@^1.0.2:
  version "1.0.2"
  resolved "https://registry.npmjs.org/source-map-js/-/source-map-js-1.0.2.tgz"

source-map@^0.6.1:
  version "0.6.1"
  resolved "https://registry.npmjs.org/source-map/-/source-map-0.6.1.tgz"

sourcemap-codec@^1.4.8:
  version "1.4.8"
  resolved "https://registry.npmjs.org/sourcemap-codec/-/sourcemap-codec-1.4.8.tgz"

strip-ansi@^6.0.1:
  version "6.0.1"
  resolved "https://registry.npmjs.org/strip-ansi/-/strip-ansi-6.0.1.tgz"
  dependencies:
    ansi-regex "^5.0.1"

strip-json-comments@^3.1.0, strip-json-comments@^3.1.1:
  version "3.1.1"
  resolved "https://registry.npmjs.org/strip-json-comments/-/strip-json-comments-3.1.1.tgz"

supports-color@^7.1.0:
  version "7.2.0"
  resolved "https://registry.npmjs.org/supports-color/-/supports-color-7.2.0.tgz"
  dependencies:
    has-flag "^4.0.0"

supports-preserve-symlinks-flag@^1.0.0:
  version "1.0.0"
  resolved "https://registry.npmjs.org/supports-preserve-symlinks-flag/-/supports-preserve-symlinks-flag-1.0.0.tgz"

text-table@^0.2.0:
  version "0.2.0"
  resolved "https://registry.npmjs.org/text-table/-/text-table-0.2.0.tgz"

to-regex-range@^5.0.1:
  version "5.0.1"
  resolved "https://registry.npmjs.org/to-regex-range/-/to-regex-range-5.0.1.tgz"
  dependencies:
    is-number "^7.0.0"

type-check@^0.4.0, type-check@~0.4.0:
  version "0.4.0"
  resolved "https://registry.npmjs.org/type-check/-/type-check-0.4.0.tgz"
  dependencies:
    prelude-ls "^1.2.1"

type-fest@^0.20.2:
  version "0.20.2"
  resolved "https://registry.npmjs.org/type-fest/-/type-fest-0.20.2.tgz"

unhead@1.1.23:
  version "1.1.23"
  resolved "https://registry.npmjs.org/unhead/-/unhead-1.1.23.tgz"
  dependencies:
    "@unhead/dom" "1.1.23"
    "@unhead/schema" "1.1.23"
    "@unhead/shared" "1.1.23"
    hookable "^5.4.2"

uri-js@^4.2.2:
  version "4.4.1"
  resolved "https://registry.npmjs.org/uri-js/-/uri-js-4.4.1.tgz"
  dependencies:
    punycode "^2.1.0"

util-deprecate@^1.0.2:
  version "1.0.2"
  resolved "https://registry.npmjs.org/util-deprecate/-/util-deprecate-1.0.2.tgz"

vite@^4.2.1:
  version "4.2.1"
  resolved "https://registry.yarnpkg.com/vite/-/vite-4.2.1.tgz#6c2eb337b0dfd80a9ded5922163b94949d7fc254"
  dependencies:
    esbuild "^0.17.5"
    postcss "^8.4.21"
    resolve "^1.22.1"
    rollup "^3.18.0"
  optionalDependencies:
    fsevents "~2.3.2"

vue-eslint-parser@^9.0.1:
  version "9.1.0"
  resolved "https://registry.npmjs.org/vue-eslint-parser/-/vue-eslint-parser-9.1.0.tgz"
  dependencies:
    debug "^4.3.4"
    eslint-scope "^7.1.1"
    eslint-visitor-keys "^3.3.0"
    espree "^9.3.1"
    esquery "^1.4.0"
    lodash "^4.17.21"
    semver "^7.3.6"

vue-router@^4.1.6:
  version "4.1.6"
  resolved "https://registry.npmjs.org/vue-router/-/vue-router-4.1.6.tgz"
  dependencies:
    "@vue/devtools-api" "^6.4.5"

vue@^3.2.47:
  version "3.2.47"
  resolved "https://registry.npmjs.org/vue/-/vue-3.2.47.tgz"
  dependencies:
    "@vue/compiler-dom" "3.2.47"
    "@vue/compiler-sfc" "3.2.47"
    "@vue/runtime-dom" "3.2.47"
    "@vue/server-renderer" "3.2.47"
    "@vue/shared" "3.2.47"

which@^2.0.1:
  version "2.0.2"
  resolved "https://registry.npmjs.org/which/-/which-2.0.2.tgz"
  dependencies:
    isexe "^2.0.0"

word-wrap@^1.2.3:
  version "1.2.3"
  resolved "https://registry.npmjs.org/word-wrap/-/word-wrap-1.2.3.tgz"

wrappy@1:
  version "1.0.2"
  resolved "https://registry.npmjs.org/wrappy/-/wrappy-1.0.2.tgz"

xml-name-validator@^4.0.0:
  version "4.0.0"
  resolved "https://registry.npmjs.org/xml-name-validator/-/xml-name-validator-4.0.0.tgz"

yallist@^4.0.0:
  version "4.0.0"
  resolved "https://registry.npmjs.org/yallist/-/yallist-4.0.0.tgz"

yocto-queue@^0.1.0:
  version "0.1.0"
  resolved "https://registry.npmjs.org/yocto-queue/-/yocto-queue-0.1.0.tgz"

zhead@^2.0.4:
  version "2.0.4"
  resolved "https://registry.npmjs.org/zhead/-/zhead-2.0.4.tgz"
